// !$*UTF8*$!
{
	archiveVersion = 1;
	classes = {
	};
	objectVersion = 55;
	objects = {

/* Begin PBXBuildFile section */
		4371C33E28859728005A1275 /* XCTestCase+MemoryLeakTracking.swift in Sources */ = {isa = PBXBuildFile; fileRef = 4371C33D28859728005A1275 /* XCTestCase+MemoryLeakTracking.swift */; };
		437EADF32886E0C200210E09 /* HTTPClient.swift in Sources */ = {isa = PBXBuildFile; fileRef = 437EADF22886E0C200210E09 /* HTTPClient.swift */; };
		437EADF52886E10000210E09 /* VividSeatsAPIEventsLoader.swift in Sources */ = {isa = PBXBuildFile; fileRef = 437EADF42886E10000210E09 /* VividSeatsAPIEventsLoader.swift */; };
		437EADF72886E13B00210E09 /* EventsMapper.swift in Sources */ = {isa = PBXBuildFile; fileRef = 437EADF62886E13B00210E09 /* EventsMapper.swift */; };
		437EADF92886E14C00210E09 /* VividSeatsAPIEvent.swift in Sources */ = {isa = PBXBuildFile; fileRef = 437EADF82886E14C00210E09 /* VividSeatsAPIEvent.swift */; };
		437EADFC2886E1AE00210E09 /* HTTPURLResponse+StatusCode.swift in Sources */ = {isa = PBXBuildFile; fileRef = 437EADFB2886E1AE00210E09 /* HTTPURLResponse+StatusCode.swift */; };
		437EAE002886E23A00210E09 /* HTTPClientSpy.swift in Sources */ = {isa = PBXBuildFile; fileRef = 437EADFF2886E23A00210E09 /* HTTPClientSpy.swift */; };
		437EAE022886E6DF00210E09 /* ImageDataLoader.swift in Sources */ = {isa = PBXBuildFile; fileRef = 437EAE012886E6DF00210E09 /* ImageDataLoader.swift */; };
		437EAE062886E83C00210E09 /* TestHelpers.swift in Sources */ = {isa = PBXBuildFile; fileRef = 437EAE052886E83C00210E09 /* TestHelpers.swift */; };
		43D085302880331600F93724 /* AppDelegate.swift in Sources */ = {isa = PBXBuildFile; fileRef = 43D0852F2880331600F93724 /* AppDelegate.swift */; };
		43D085322880331600F93724 /* SceneDelegate.swift in Sources */ = {isa = PBXBuildFile; fileRef = 43D085312880331600F93724 /* SceneDelegate.swift */; };
		43D085392880331600F93724 /* Assets.xcassets in Resources */ = {isa = PBXBuildFile; fileRef = 43D085382880331600F93724 /* Assets.xcassets */; };
		43D0853C2880331600F93724 /* LaunchScreen.storyboard in Resources */ = {isa = PBXBuildFile; fileRef = 43D0853A2880331600F93724 /* LaunchScreen.storyboard */; };
		43D085632880481800F93724 /* Event.swift in Sources */ = {isa = PBXBuildFile; fileRef = 43D085622880481800F93724 /* Event.swift */; };
		43D085652880495900F93724 /* EventsLoader.swift in Sources */ = {isa = PBXBuildFile; fileRef = 43D085642880495900F93724 /* EventsLoader.swift */; };
		43D0856728804D7D00F93724 /* VividSeatsAPIEventsLoaderTests.swift in Sources */ = {isa = PBXBuildFile; fileRef = 43D0856628804D7D00F93724 /* VividSeatsAPIEventsLoaderTests.swift */; };
/* End PBXBuildFile section */

/* Begin PBXContainerItemProxy section */
		43D085432880331600F93724 /* PBXContainerItemProxy */ = {
			isa = PBXContainerItemProxy;
			containerPortal = 43D085242880331600F93724 /* Project object */;
			proxyType = 1;
			remoteGlobalIDString = 43D0852B2880331600F93724;
			remoteInfo = EventsApp;
		};
/* End PBXContainerItemProxy section */

/* Begin PBXFileReference section */
		4371C33D28859728005A1275 /* XCTestCase+MemoryLeakTracking.swift */ = {isa = PBXFileReference; lastKnownFileType = sourcecode.swift; path = "XCTestCase+MemoryLeakTracking.swift"; sourceTree = "<group>"; };
		437EADF22886E0C200210E09 /* HTTPClient.swift */ = {isa = PBXFileReference; lastKnownFileType = sourcecode.swift; path = HTTPClient.swift; sourceTree = "<group>"; };
		437EADF42886E10000210E09 /* VividSeatsAPIEventsLoader.swift */ = {isa = PBXFileReference; lastKnownFileType = sourcecode.swift; path = VividSeatsAPIEventsLoader.swift; sourceTree = "<group>"; };
		437EADF62886E13B00210E09 /* EventsMapper.swift */ = {isa = PBXFileReference; lastKnownFileType = sourcecode.swift; path = EventsMapper.swift; sourceTree = "<group>"; };
		437EADF82886E14C00210E09 /* VividSeatsAPIEvent.swift */ = {isa = PBXFileReference; lastKnownFileType = sourcecode.swift; path = VividSeatsAPIEvent.swift; sourceTree = "<group>"; };
		437EADFB2886E1AE00210E09 /* HTTPURLResponse+StatusCode.swift */ = {isa = PBXFileReference; lastKnownFileType = sourcecode.swift; path = "HTTPURLResponse+StatusCode.swift"; sourceTree = "<group>"; };
		437EADFF2886E23A00210E09 /* HTTPClientSpy.swift */ = {isa = PBXFileReference; lastKnownFileType = sourcecode.swift; path = HTTPClientSpy.swift; sourceTree = "<group>"; };
		437EAE012886E6DF00210E09 /* ImageDataLoader.swift */ = {isa = PBXFileReference; lastKnownFileType = sourcecode.swift; path = ImageDataLoader.swift; sourceTree = "<group>"; };
		437EAE052886E83C00210E09 /* TestHelpers.swift */ = {isa = PBXFileReference; lastKnownFileType = sourcecode.swift; path = TestHelpers.swift; sourceTree = "<group>"; };
		43D0852C2880331600F93724 /* EventsApp.app */ = {isa = PBXFileReference; explicitFileType = wrapper.application; includeInIndex = 0; path = EventsApp.app; sourceTree = BUILT_PRODUCTS_DIR; };
		43D0852F2880331600F93724 /* AppDelegate.swift */ = {isa = PBXFileReference; lastKnownFileType = sourcecode.swift; path = AppDelegate.swift; sourceTree = "<group>"; };
		43D085312880331600F93724 /* SceneDelegate.swift */ = {isa = PBXFileReference; lastKnownFileType = sourcecode.swift; path = SceneDelegate.swift; sourceTree = "<group>"; };
		43D085382880331600F93724 /* Assets.xcassets */ = {isa = PBXFileReference; lastKnownFileType = folder.assetcatalog; path = Assets.xcassets; sourceTree = "<group>"; };
		43D0853B2880331600F93724 /* Base */ = {isa = PBXFileReference; lastKnownFileType = file.storyboard; name = Base; path = Base.lproj/LaunchScreen.storyboard; sourceTree = "<group>"; };
		43D0853D2880331600F93724 /* Info.plist */ = {isa = PBXFileReference; lastKnownFileType = text.plist.xml; path = Info.plist; sourceTree = "<group>"; };
		43D085422880331600F93724 /* EventsAppTests.xctest */ = {isa = PBXFileReference; explicitFileType = wrapper.cfbundle; includeInIndex = 0; path = EventsAppTests.xctest; sourceTree = BUILT_PRODUCTS_DIR; };
		43D085622880481800F93724 /* Event.swift */ = {isa = PBXFileReference; lastKnownFileType = sourcecode.swift; path = Event.swift; sourceTree = "<group>"; };
		43D085642880495900F93724 /* EventsLoader.swift */ = {isa = PBXFileReference; lastKnownFileType = sourcecode.swift; path = EventsLoader.swift; sourceTree = "<group>"; };
		43D0856628804D7D00F93724 /* VividSeatsAPIEventsLoaderTests.swift */ = {isa = PBXFileReference; lastKnownFileType = sourcecode.swift; path = VividSeatsAPIEventsLoaderTests.swift; sourceTree = "<group>"; };
/* End PBXFileReference section */

/* Begin PBXFrameworksBuildPhase section */
		43D085292880331600F93724 /* Frameworks */ = {
			isa = PBXFrameworksBuildPhase;
			buildActionMask = 2147483647;
			files = (
			);
			runOnlyForDeploymentPostprocessing = 0;
		};
		43D0853F2880331600F93724 /* Frameworks */ = {
			isa = PBXFrameworksBuildPhase;
			buildActionMask = 2147483647;
			files = (
			);
			runOnlyForDeploymentPostprocessing = 0;
		};
/* End PBXFrameworksBuildPhase section */

/* Begin PBXGroup section */
		4371C33C28859717005A1275 /* Helpers */ = {
			isa = PBXGroup;
			children = (
				4371C33D28859728005A1275 /* XCTestCase+MemoryLeakTracking.swift */,
				437EAE052886E83C00210E09 /* TestHelpers.swift */,
			);
			path = Helpers;
			sourceTree = "<group>";
		};
		437EADF12886E0B900210E09 /* Events API */ = {
			isa = PBXGroup;
			children = (
				437EADFA2886E1A000210E09 /* Helpers */,
				437EADF22886E0C200210E09 /* HTTPClient.swift */,
				437EADF42886E10000210E09 /* VividSeatsAPIEventsLoader.swift */,
				437EADF62886E13B00210E09 /* EventsMapper.swift */,
				437EADF82886E14C00210E09 /* VividSeatsAPIEvent.swift */,
			);
			path = "Events API";
			sourceTree = "<group>";
		};
		437EADFA2886E1A000210E09 /* Helpers */ = {
			isa = PBXGroup;
			children = (
				437EADFB2886E1AE00210E09 /* HTTPURLResponse+StatusCode.swift */,
			);
			path = Helpers;
			sourceTree = "<group>";
		};
		437EADFD2886E22500210E09 /* Events API */ = {
			isa = PBXGroup;
			children = (
				437EADFE2886E23300210E09 /* Helpers */,
				43D0856628804D7D00F93724 /* VividSeatsAPIEventsLoaderTests.swift */,
			);
			path = "Events API";
			sourceTree = "<group>";
		};
		437EADFE2886E23300210E09 /* Helpers */ = {
			isa = PBXGroup;
			children = (
				437EADFF2886E23A00210E09 /* HTTPClientSpy.swift */,
			);
			path = Helpers;
			sourceTree = "<group>";
		};
		43D085232880331600F93724 = {
			isa = PBXGroup;
			children = (
				43D0852E2880331600F93724 /* EventsApp */,
				43D085452880331600F93724 /* EventsAppTests */,
				43D0852D2880331600F93724 /* Products */,
			);
			sourceTree = "<group>";
		};
		43D0852D2880331600F93724 /* Products */ = {
			isa = PBXGroup;
			children = (
				43D0852C2880331600F93724 /* EventsApp.app */,
				43D085422880331600F93724 /* EventsAppTests.xctest */,
			);
			name = Products;
			sourceTree = "<group>";
		};
		43D0852E2880331600F93724 /* EventsApp */ = {
			isa = PBXGroup;
			children = (
				437EADF12886E0B900210E09 /* Events API */,
				43D08561288047BF00F93724 /* Events Feature */,
				43D0852F2880331600F93724 /* AppDelegate.swift */,
				43D085312880331600F93724 /* SceneDelegate.swift */,
				43D085382880331600F93724 /* Assets.xcassets */,
				43D0853A2880331600F93724 /* LaunchScreen.storyboard */,
				43D0853D2880331600F93724 /* Info.plist */,
			);
			path = EventsApp;
			sourceTree = "<group>";
		};
		43D085452880331600F93724 /* EventsAppTests */ = {
			isa = PBXGroup;
			children = (
				437EADFD2886E22500210E09 /* Events API */,
				4371C33C28859717005A1275 /* Helpers */,
			);
			path = EventsAppTests;
			sourceTree = "<group>";
		};
		43D08561288047BF00F93724 /* Events Feature */ = {
			isa = PBXGroup;
			children = (
				43D085622880481800F93724 /* Event.swift */,
				43D085642880495900F93724 /* EventsLoader.swift */,
				437EAE012886E6DF00210E09 /* ImageDataLoader.swift */,
			);
			path = "Events Feature";
			sourceTree = "<group>";
		};
/* End PBXGroup section */

/* Begin PBXNativeTarget section */
		43D0852B2880331600F93724 /* EventsApp */ = {
			isa = PBXNativeTarget;
			buildConfigurationList = 43D085562880331700F93724 /* Build configuration list for PBXNativeTarget "EventsApp" */;
			buildPhases = (
				43D085282880331600F93724 /* Sources */,
				43D085292880331600F93724 /* Frameworks */,
				43D0852A2880331600F93724 /* Resources */,
			);
			buildRules = (
			);
			dependencies = (
			);
			name = EventsApp;
			productName = EventsApp;
			productReference = 43D0852C2880331600F93724 /* EventsApp.app */;
			productType = "com.apple.product-type.application";
		};
		43D085412880331600F93724 /* EventsAppTests */ = {
			isa = PBXNativeTarget;
			buildConfigurationList = 43D085592880331700F93724 /* Build configuration list for PBXNativeTarget "EventsAppTests" */;
			buildPhases = (
				43D0853E2880331600F93724 /* Sources */,
				43D0853F2880331600F93724 /* Frameworks */,
				43D085402880331600F93724 /* Resources */,
			);
			buildRules = (
			);
			dependencies = (
				43D085442880331600F93724 /* PBXTargetDependency */,
			);
			name = EventsAppTests;
			productName = EventsAppTests;
			productReference = 43D085422880331600F93724 /* EventsAppTests.xctest */;
			productType = "com.apple.product-type.bundle.unit-test";
		};
/* End PBXNativeTarget section */

/* Begin PBXProject section */
		43D085242880331600F93724 /* Project object */ = {
			isa = PBXProject;
			attributes = {
				BuildIndependentTargetsInParallel = 1;
				LastSwiftUpdateCheck = 1320;
				LastUpgradeCheck = 1320;
				TargetAttributes = {
					43D0852B2880331600F93724 = {
						CreatedOnToolsVersion = 13.2.1;
					};
					43D085412880331600F93724 = {
						CreatedOnToolsVersion = 13.2.1;
						LastSwiftMigration = 1320;
						TestTargetID = 43D0852B2880331600F93724;
					};
				};
			};
			buildConfigurationList = 43D085272880331600F93724 /* Build configuration list for PBXProject "EventsApp" */;
			compatibilityVersion = "Xcode 13.0";
			developmentRegion = en;
			hasScannedForEncodings = 0;
			knownRegions = (
				en,
				Base,
			);
			mainGroup = 43D085232880331600F93724;
			productRefGroup = 43D0852D2880331600F93724 /* Products */;
			projectDirPath = "";
			projectRoot = "";
			targets = (
				43D0852B2880331600F93724 /* EventsApp */,
				43D085412880331600F93724 /* EventsAppTests */,
			);
		};
/* End PBXProject section */

/* Begin PBXResourcesBuildPhase section */
		43D0852A2880331600F93724 /* Resources */ = {
			isa = PBXResourcesBuildPhase;
			buildActionMask = 2147483647;
			files = (
				43D0853C2880331600F93724 /* LaunchScreen.storyboard in Resources */,
				43D085392880331600F93724 /* Assets.xcassets in Resources */,
			);
			runOnlyForDeploymentPostprocessing = 0;
		};
		43D085402880331600F93724 /* Resources */ = {
			isa = PBXResourcesBuildPhase;
			buildActionMask = 2147483647;
			files = (
			);
			runOnlyForDeploymentPostprocessing = 0;
		};
/* End PBXResourcesBuildPhase section */

/* Begin PBXSourcesBuildPhase section */
		43D085282880331600F93724 /* Sources */ = {
			isa = PBXSourcesBuildPhase;
			buildActionMask = 2147483647;
			files = (
				43D085302880331600F93724 /* AppDelegate.swift in Sources */,
				437EADF92886E14C00210E09 /* VividSeatsAPIEvent.swift in Sources */,
				437EADF32886E0C200210E09 /* HTTPClient.swift in Sources */,
				43D085652880495900F93724 /* EventsLoader.swift in Sources */,
				43D085632880481800F93724 /* Event.swift in Sources */,
				437EADF52886E10000210E09 /* VividSeatsAPIEventsLoader.swift in Sources */,
				437EAE022886E6DF00210E09 /* ImageDataLoader.swift in Sources */,
				437EADF72886E13B00210E09 /* EventsMapper.swift in Sources */,
				437EADFC2886E1AE00210E09 /* HTTPURLResponse+StatusCode.swift in Sources */,
				43D085322880331600F93724 /* SceneDelegate.swift in Sources */,
			);
			runOnlyForDeploymentPostprocessing = 0;
		};
		43D0853E2880331600F93724 /* Sources */ = {
			isa = PBXSourcesBuildPhase;
			buildActionMask = 2147483647;
			files = (
				437EAE062886E83C00210E09 /* TestHelpers.swift in Sources */,
				43D0856728804D7D00F93724 /* VividSeatsAPIEventsLoaderTests.swift in Sources */,
				437EAE002886E23A00210E09 /* HTTPClientSpy.swift in Sources */,
				4371C33E28859728005A1275 /* XCTestCase+MemoryLeakTracking.swift in Sources */,
			);
			runOnlyForDeploymentPostprocessing = 0;
		};
/* End PBXSourcesBuildPhase section */

/* Begin PBXTargetDependency section */
		43D085442880331600F93724 /* PBXTargetDependency */ = {
			isa = PBXTargetDependency;
			target = 43D0852B2880331600F93724 /* EventsApp */;
			targetProxy = 43D085432880331600F93724 /* PBXContainerItemProxy */;
		};
/* End PBXTargetDependency section */

/* Begin PBXVariantGroup section */
		43D0853A2880331600F93724 /* LaunchScreen.storyboard */ = {
			isa = PBXVariantGroup;
			children = (
				43D0853B2880331600F93724 /* Base */,
			);
			name = LaunchScreen.storyboard;
			sourceTree = "<group>";
		};
/* End PBXVariantGroup section */

/* Begin XCBuildConfiguration section */
		43D085542880331700F93724 /* Debug */ = {
			isa = XCBuildConfiguration;
			buildSettings = {
				ALWAYS_SEARCH_USER_PATHS = NO;
				CLANG_ANALYZER_NONNULL = YES;
				CLANG_ANALYZER_NUMBER_OBJECT_CONVERSION = YES_AGGRESSIVE;
				CLANG_CXX_LANGUAGE_STANDARD = "gnu++17";
				CLANG_CXX_LIBRARY = "libc++";
				CLANG_ENABLE_MODULES = YES;
				CLANG_ENABLE_OBJC_ARC = YES;
				CLANG_ENABLE_OBJC_WEAK = YES;
				CLANG_WARN_BLOCK_CAPTURE_AUTORELEASING = YES;
				CLANG_WARN_BOOL_CONVERSION = YES;
				CLANG_WARN_COMMA = YES;
				CLANG_WARN_CONSTANT_CONVERSION = YES;
				CLANG_WARN_DEPRECATED_OBJC_IMPLEMENTATIONS = YES;
				CLANG_WARN_DIRECT_OBJC_ISA_USAGE = YES_ERROR;
				CLANG_WARN_DOCUMENTATION_COMMENTS = YES;
				CLANG_WARN_EMPTY_BODY = YES;
				CLANG_WARN_ENUM_CONVERSION = YES;
				CLANG_WARN_INFINITE_RECURSION = YES;
				CLANG_WARN_INT_CONVERSION = YES;
				CLANG_WARN_NON_LITERAL_NULL_CONVERSION = YES;
				CLANG_WARN_OBJC_IMPLICIT_RETAIN_SELF = YES;
				CLANG_WARN_OBJC_LITERAL_CONVERSION = YES;
				CLANG_WARN_OBJC_ROOT_CLASS = YES_ERROR;
				CLANG_WARN_QUOTED_INCLUDE_IN_FRAMEWORK_HEADER = YES;
				CLANG_WARN_RANGE_LOOP_ANALYSIS = YES;
				CLANG_WARN_STRICT_PROTOTYPES = YES;
				CLANG_WARN_SUSPICIOUS_MOVE = YES;
				CLANG_WARN_UNGUARDED_AVAILABILITY = YES_AGGRESSIVE;
				CLANG_WARN_UNREACHABLE_CODE = YES;
				CLANG_WARN__DUPLICATE_METHOD_MATCH = YES;
				COPY_PHASE_STRIP = NO;
				DEBUG_INFORMATION_FORMAT = dwarf;
				ENABLE_STRICT_OBJC_MSGSEND = YES;
				ENABLE_TESTABILITY = YES;
				GCC_C_LANGUAGE_STANDARD = gnu11;
				GCC_DYNAMIC_NO_PIC = NO;
				GCC_NO_COMMON_BLOCKS = YES;
				GCC_OPTIMIZATION_LEVEL = 0;
				GCC_PREPROCESSOR_DEFINITIONS = (
					"DEBUG=1",
					"$(inherited)",
				);
				GCC_WARN_64_TO_32_BIT_CONVERSION = YES;
				GCC_WARN_ABOUT_RETURN_TYPE = YES_ERROR;
				GCC_WARN_UNDECLARED_SELECTOR = YES;
				GCC_WARN_UNINITIALIZED_AUTOS = YES_AGGRESSIVE;
				GCC_WARN_UNUSED_FUNCTION = YES;
				GCC_WARN_UNUSED_VARIABLE = YES;
				IPHONEOS_DEPLOYMENT_TARGET = 15.2;
				MTL_ENABLE_DEBUG_INFO = INCLUDE_SOURCE;
				MTL_FAST_MATH = YES;
				ONLY_ACTIVE_ARCH = YES;
				SDKROOT = iphoneos;
				SWIFT_ACTIVE_COMPILATION_CONDITIONS = DEBUG;
				SWIFT_OPTIMIZATION_LEVEL = "-Onone";
			};
			name = Debug;
		};
		43D085552880331700F93724 /* Release */ = {
			isa = XCBuildConfiguration;
			buildSettings = {
				ALWAYS_SEARCH_USER_PATHS = NO;
				CLANG_ANALYZER_NONNULL = YES;
				CLANG_ANALYZER_NUMBER_OBJECT_CONVERSION = YES_AGGRESSIVE;
				CLANG_CXX_LANGUAGE_STANDARD = "gnu++17";
				CLANG_CXX_LIBRARY = "libc++";
				CLANG_ENABLE_MODULES = YES;
				CLANG_ENABLE_OBJC_ARC = YES;
				CLANG_ENABLE_OBJC_WEAK = YES;
				CLANG_WARN_BLOCK_CAPTURE_AUTORELEASING = YES;
				CLANG_WARN_BOOL_CONVERSION = YES;
				CLANG_WARN_COMMA = YES;
				CLANG_WARN_CONSTANT_CONVERSION = YES;
				CLANG_WARN_DEPRECATED_OBJC_IMPLEMENTATIONS = YES;
				CLANG_WARN_DIRECT_OBJC_ISA_USAGE = YES_ERROR;
				CLANG_WARN_DOCUMENTATION_COMMENTS = YES;
				CLANG_WARN_EMPTY_BODY = YES;
				CLANG_WARN_ENUM_CONVERSION = YES;
				CLANG_WARN_INFINITE_RECURSION = YES;
				CLANG_WARN_INT_CONVERSION = YES;
				CLANG_WARN_NON_LITERAL_NULL_CONVERSION = YES;
				CLANG_WARN_OBJC_IMPLICIT_RETAIN_SELF = YES;
				CLANG_WARN_OBJC_LITERAL_CONVERSION = YES;
				CLANG_WARN_OBJC_ROOT_CLASS = YES_ERROR;
				CLANG_WARN_QUOTED_INCLUDE_IN_FRAMEWORK_HEADER = YES;
				CLANG_WARN_RANGE_LOOP_ANALYSIS = YES;
				CLANG_WARN_STRICT_PROTOTYPES = YES;
				CLANG_WARN_SUSPICIOUS_MOVE = YES;
				CLANG_WARN_UNGUARDED_AVAILABILITY = YES_AGGRESSIVE;
				CLANG_WARN_UNREACHABLE_CODE = YES;
				CLANG_WARN__DUPLICATE_METHOD_MATCH = YES;
				COPY_PHASE_STRIP = NO;
				DEBUG_INFORMATION_FORMAT = "dwarf-with-dsym";
				ENABLE_NS_ASSERTIONS = NO;
				ENABLE_STRICT_OBJC_MSGSEND = YES;
				GCC_C_LANGUAGE_STANDARD = gnu11;
				GCC_NO_COMMON_BLOCKS = YES;
				GCC_WARN_64_TO_32_BIT_CONVERSION = YES;
				GCC_WARN_ABOUT_RETURN_TYPE = YES_ERROR;
				GCC_WARN_UNDECLARED_SELECTOR = YES;
				GCC_WARN_UNINITIALIZED_AUTOS = YES_AGGRESSIVE;
				GCC_WARN_UNUSED_FUNCTION = YES;
				GCC_WARN_UNUSED_VARIABLE = YES;
				IPHONEOS_DEPLOYMENT_TARGET = 15.2;
				MTL_ENABLE_DEBUG_INFO = NO;
				MTL_FAST_MATH = YES;
				SDKROOT = iphoneos;
				SWIFT_COMPILATION_MODE = wholemodule;
				SWIFT_OPTIMIZATION_LEVEL = "-O";
				VALIDATE_PRODUCT = YES;
			};
			name = Release;
		};
		43D085572880331700F93724 /* Debug */ = {
			isa = XCBuildConfiguration;
			buildSettings = {
				ASSETCATALOG_COMPILER_APPICON_NAME = AppIcon;
				ASSETCATALOG_COMPILER_GLOBAL_ACCENT_COLOR_NAME = AccentColor;
				CODE_SIGN_STYLE = Automatic;
				CURRENT_PROJECT_VERSION = 1;
				GENERATE_INFOPLIST_FILE = YES;
				INFOPLIST_FILE = EventsApp/Info.plist;
				INFOPLIST_KEY_UIApplicationSupportsIndirectInputEvents = YES;
				INFOPLIST_KEY_UILaunchStoryboardName = LaunchScreen;
				INFOPLIST_KEY_UIMainStoryboardFile = Main;
				INFOPLIST_KEY_UISupportedInterfaceOrientations_iPad = "UIInterfaceOrientationPortrait UIInterfaceOrientationPortraitUpsideDown UIInterfaceOrientationLandscapeLeft UIInterfaceOrientationLandscapeRight";
				INFOPLIST_KEY_UISupportedInterfaceOrientations_iPhone = "UIInterfaceOrientationPortrait UIInterfaceOrientationLandscapeLeft UIInterfaceOrientationLandscapeRight";
				LD_RUNPATH_SEARCH_PATHS = (
					"$(inherited)",
					"@executable_path/Frameworks",
				);
				MARKETING_VERSION = 1.0;
				PRODUCT_BUNDLE_IDENTIFIER = bogdan.EventsApp;
				PRODUCT_NAME = "$(TARGET_NAME)";
				SWIFT_EMIT_LOC_STRINGS = YES;
				SWIFT_VERSION = 5.0;
				TARGETED_DEVICE_FAMILY = "1,2";
			};
			name = Debug;
		};
		43D085582880331700F93724 /* Release */ = {
			isa = XCBuildConfiguration;
			buildSettings = {
				ASSETCATALOG_COMPILER_APPICON_NAME = AppIcon;
				ASSETCATALOG_COMPILER_GLOBAL_ACCENT_COLOR_NAME = AccentColor;
				CODE_SIGN_STYLE = Automatic;
				CURRENT_PROJECT_VERSION = 1;
				GENERATE_INFOPLIST_FILE = YES;
				INFOPLIST_FILE = EventsApp/Info.plist;
				INFOPLIST_KEY_UIApplicationSupportsIndirectInputEvents = YES;
				INFOPLIST_KEY_UILaunchStoryboardName = LaunchScreen;
				INFOPLIST_KEY_UIMainStoryboardFile = Main;
				INFOPLIST_KEY_UISupportedInterfaceOrientations_iPad = "UIInterfaceOrientationPortrait UIInterfaceOrientationPortraitUpsideDown UIInterfaceOrientationLandscapeLeft UIInterfaceOrientationLandscapeRight";
				INFOPLIST_KEY_UISupportedInterfaceOrientations_iPhone = "UIInterfaceOrientationPortrait UIInterfaceOrientationLandscapeLeft UIInterfaceOrientationLandscapeRight";
				LD_RUNPATH_SEARCH_PATHS = (
					"$(inherited)",
					"@executable_path/Frameworks",
				);
				MARKETING_VERSION = 1.0;
				PRODUCT_BUNDLE_IDENTIFIER = bogdan.EventsApp;
				PRODUCT_NAME = "$(TARGET_NAME)";
				SWIFT_EMIT_LOC_STRINGS = YES;
				SWIFT_VERSION = 5.0;
				TARGETED_DEVICE_FAMILY = "1,2";
			};
			name = Release;
		};
		43D0855A2880331700F93724 /* Debug */ = {
			isa = XCBuildConfiguration;
			buildSettings = {
				ALWAYS_EMBED_SWIFT_STANDARD_LIBRARIES = YES;
				BUNDLE_LOADER = "$(TEST_HOST)";
				CODE_SIGN_STYLE = Automatic;
				CURRENT_PROJECT_VERSION = 1;
				GENERATE_INFOPLIST_FILE = YES;
				IPHONEOS_DEPLOYMENT_TARGET = 15.2;
				MARKETING_VERSION = 1.0;
				PRODUCT_BUNDLE_IDENTIFIER = bogdan.EventsAppTests;
				PRODUCT_NAME = "$(TARGET_NAME)";
				SWIFT_EMIT_LOC_STRINGS = NO;
				SWIFT_VERSION = 5.0;
				TARGETED_DEVICE_FAMILY = "1,2";
				TEST_HOST = "$(BUILT_PRODUCTS_DIR)/EventsApp.app/EventsApp";
			};
			name = Debug;
		};
		43D0855B2880331700F93724 /* Release */ = {
			isa = XCBuildConfiguration;
			buildSettings = {
				ALWAYS_EMBED_SWIFT_STANDARD_LIBRARIES = YES;
				BUNDLE_LOADER = "$(TEST_HOST)";
				CODE_SIGN_STYLE = Automatic;
				CURRENT_PROJECT_VERSION = 1;
				GENERATE_INFOPLIST_FILE = YES;
				IPHONEOS_DEPLOYMENT_TARGET = 15.2;
				MARKETING_VERSION = 1.0;
				PRODUCT_BUNDLE_IDENTIFIER = bogdan.EventsAppTests;
				PRODUCT_NAME = "$(TARGET_NAME)";
				SWIFT_EMIT_LOC_STRINGS = NO;
				SWIFT_VERSION = 5.0;
				TARGETED_DEVICE_FAMILY = "1,2";
				TEST_HOST = "$(BUILT_PRODUCTS_DIR)/EventsApp.app/EventsApp";
			};
			name = Release;
		};
/* End XCBuildConfiguration section */

/* Begin XCConfigurationList section */
		43D085272880331600F93724 /* Build configuration list for PBXProject "EventsApp" */ = {
			isa = XCConfigurationList;
			buildConfigurations = (
				43D085542880331700F93724 /* Debug */,
				43D085552880331700F93724 /* Release */,
			);
			defaultConfigurationIsVisible = 0;
			defaultConfigurationName = Release;
		};
		43D085562880331700F93724 /* Build configuration list for PBXNativeTarget "EventsApp" */ = {
			isa = XCConfigurationList;
			buildConfigurations = (
				43D085572880331700F93724 /* Debug */,
				43D085582880331700F93724 /* Release */,
			);
			defaultConfigurationIsVisible = 0;
			defaultConfigurationName = Release;
		};
		43D085592880331700F93724 /* Build configuration list for PBXNativeTarget "EventsAppTests" */ = {
			isa = XCConfigurationList;
			buildConfigurations = (
				43D0855A2880331700F93724 /* Debug */,
				43D0855B2880331700F93724 /* Release */,
			);
			defaultConfigurationIsVisible = 0;
			defaultConfigurationName = Release;
		};
/* End XCConfigurationList section */
	};
	rootObject = 43D085242880331600F93724 /* Project object */;
}
